// !$*UTF8*$!
{
	archiveVersion = 1;
	classes = {
	};
	objectVersion = 77;
	objects = {

/* Begin PBXBuildFile section */
		1F274B232F83AB1A002E9162 /* UserNotifications.framework in Frameworks */ = {isa = PBXBuildFile; fileRef = 1F274AF62F83A206002E9162 /* UserNotifications.framework */; };
		1F274B242F83AB1A002E9162 /* UserNotificationsUI.framework in Frameworks */ = {isa = PBXBuildFile; fileRef = 1F274AF82F83A206002E9162 /* UserNotificationsUI.framework */; };
		1F274B2E2F83AB1B002E9162 /* PushNotificationUIExtn.appex in Embed Foundation Extensions */ = {isa = PBXBuildFile; fileRef = 1F274B222F83AB1A002E9162 /* PushNotificationUIExtn.appex */; settings = {ATTRIBUTES = (RemoveHeadersOnCopy, ); }; };
/* End PBXBuildFile section */

/* Begin PBXContainerItemProxy section */
		1F274ACB2F838D33002E9162 /* PBXContainerItemProxy */ = {
			isa = PBXContainerItemProxy;
			containerPortal = 1F274AB52F838D31002E9162 /* Project object */;
			proxyType = 1;
			remoteGlobalIDString = 1F274ABC2F838D31002E9162;
			remoteInfo = PushNotificationDemo;
		};
		1F274AD52F838D33002E9162 /* PBXContainerItemProxy */ = {
			isa = PBXContainerItemProxy;
			containerPortal = 1F274AB52F838D31002E9162 /* Project object */;
			proxyType = 1;
			remoteGlobalIDString = 1F274ABC2F838D31002E9162;
			remoteInfo = PushNotificationDemo;
		};
		1F274B2C2F83AB1B002E9162 /* PBXContainerItemProxy */ = {
			isa = PBXContainerItemProxy;
			containerPortal = 1F274AB52F838D31002E9162 /* Project object */;
			proxyType = 1;
			remoteGlobalIDString = 1F274B212F83AB1A002E9162;
			remoteInfo = PushNotificationUIExtn;
		};
/* End PBXContainerItemProxy section */

/* Begin PBXCopyFilesBuildPhase section */
		1F274B082F83A206002E9162 /* Embed Foundation Extensions */ = {
			isa = PBXCopyFilesBuildPhase;
			buildActionMask = 8;
			dstPath = "";
			dstSubfolderSpec = 13;
			files = (
				1F274B2E2F83AB1B002E9162 /* PushNotificationUIExtn.appex in Embed Foundation Extensions */,
			);
			name = "Embed Foundation Extensions";
			runOnlyForDeploymentPostprocessing = 1;
		};
/* End PBXCopyFilesBuildPhase section */

/* Begin PBXFileReference section */
		1F274ABD2F838D31002E9162 /* PushNotificationDemo.app */ = {isa = PBXFileReference; explicitFileType = wrapper.application; includeInIndex = 0; path = PushNotificationDemo.app; sourceTree = BUILT_PRODUCTS_DIR; };
		1F274ACA2F838D33002E9162 /* PushNotificationDemoTests.xctest */ = {isa = PBXFileReference; explicitFileType = wrapper.cfbundle; includeInIndex = 0; path = PushNotificationDemoTests.xctest; sourceTree = BUILT_PRODUCTS_DIR; };
		1F274AD42F838D33002E9162 /* PushNotificationDemoUITests.xctest */ = {isa = PBXFileReference; explicitFileType = wrapper.cfbundle; includeInIndex = 0; path = PushNotificationDemoUITests.xctest; sourceTree = BUILT_PRODUCTS_DIR; };
		1F274AF62F83A206002E9162 /* UserNotifications.framework */ = {isa = PBXFileReference; lastKnownFileType = wrapper.framework; name = UserNotifications.framework; path = System/Library/Frameworks/UserNotifications.framework; sourceTree = SDKROOT; };
		1F274AF82F83A206002E9162 /* UserNotificationsUI.framework */ = {isa = PBXFileReference; lastKnownFileType = wrapper.framework; name = UserNotificationsUI.framework; path = System/Library/Frameworks/UserNotificationsUI.framework; sourceTree = SDKROOT; };
		1F274B222F83AB1A002E9162 /* PushNotificationUIExtn.appex */ = {isa = PBXFileReference; explicitFileType = "wrapper.app-extension"; includeInIndex = 0; path = PushNotificationUIExtn.appex; sourceTree = BUILT_PRODUCTS_DIR; };
		1F274B612F83EAAB002E9162 /* LICENSE */ = {isa = PBXFileReference; lastKnownFileType = text; path = LICENSE; sourceTree = "<group>"; };
		1F274B622F83EAAB002E9162 /* README.md */ = {isa = PBXFileReference; lastKnownFileType = net.daringfireball.markdown; path = README.md; sourceTree = "<group>"; };
		1F274B632F83EAC3002E9162 /* .gitignore */ = {isa = PBXFileReference; lastKnownFileType = text; path = .gitignore; sourceTree = "<group>"; };
/* End PBXFileReference section */

/* Begin PBXFileSystemSynchronizedBuildFileExceptionSet section */
		1F274B2F2F83AB1B002E9162 /* Exceptions for "PushNotificationUIExtn" folder in "PushNotificationUIExtn" target */ = {
			isa = PBXFileSystemSynchronizedBuildFileExceptionSet;
			membershipExceptions = (
				Info.plist,
			);
			target = 1F274B212F83AB1A002E9162 /* PushNotificationUIExtn */;
		};
/* End PBXFileSystemSynchronizedBuildFileExceptionSet section */

/* Begin PBXFileSystemSynchronizedRootGroup section */
		1F274ABF2F838D31002E9162 /* PushNotificationDemo */ = {
			isa = PBXFileSystemSynchronizedRootGroup;
			path = PushNotificationDemo;
			sourceTree = "<group>";
		};
		1F274ACD2F838D33002E9162 /* PushNotificationDemoTests */ = {
			isa = PBXFileSystemSynchronizedRootGroup;
			path = PushNotificationDemoTests;
			sourceTree = "<group>";
		};
		1F274AD72F838D33002E9162 /* PushNotificationDemoUITests */ = {
			isa = PBXFileSystemSynchronizedRootGroup;
			path = PushNotificationDemoUITests;
			sourceTree = "<group>";
		};
		1F274B252F83AB1A002E9162 /* PushNotificationUIExtn */ = {
			isa = PBXFileSystemSynchronizedRootGroup;
			exceptions = (
				1F274B2F2F83AB1B002E9162 /* Exceptions for "PushNotificationUIExtn" folder in "PushNotificationUIExtn" target */,
			);
			path = PushNotificationUIExtn;
			sourceTree = "<group>";
		};
/* End PBXFileSystemSynchronizedRootGroup section */

/* Begin PBXFrameworksBuildPhase section */
		1F274ABA2F838D31002E9162 /* Frameworks */ = {
			isa = PBXFrameworksBuildPhase;
			buildActionMask = 2147483647;
			files = (
			);
			runOnlyForDeploymentPostprocessing = 0;
		};
		1F274AC72F838D33002E9162 /* Frameworks */ = {
			isa = PBXFrameworksBuildPhase;
			buildActionMask = 2147483647;
			files = (
			);
			runOnlyForDeploymentPostprocessing = 0;
		};
		1F274AD12F838D33002E9162 /* Frameworks */ = {
			isa = PBXFrameworksBuildPhase;
			buildActionMask = 2147483647;
			files = (
			);
			runOnlyForDeploymentPostprocessing = 0;
		};
		1F274B1F2F83AB1A002E9162 /* Frameworks */ = {
			isa = PBXFrameworksBuildPhase;
			buildActionMask = 2147483647;
			files = (
				1F274B242F83AB1A002E9162 /* UserNotificationsUI.framework in Frameworks */,
				1F274B232F83AB1A002E9162 /* UserNotifications.framework in Frameworks */,
			);
			runOnlyForDeploymentPostprocessing = 0;
		};
/* End PBXFrameworksBuildPhase section */

/* Begin PBXGroup section */
		1F274AB42F838D31002E9162 = {
			isa = PBXGroup;
			children = (
				1F274B632F83EAC3002E9162 /* .gitignore */,
				1F274B612F83EAAB002E9162 /* LICENSE */,
				1F274B622F83EAAB002E9162 /* README.md */,
				1F274ABF2F838D31002E9162 /* PushNotificationDemo */,
				1F274ACD2F838D33002E9162 /* PushNotificationDemoTests */,
				1F274AD72F838D33002E9162 /* PushNotificationDemoUITests */,
				1F274B252F83AB1A002E9162 /* PushNotificationUIExtn */,
				1F274AEC2F83964C002E9162 /* Frameworks */,
				1F274ABE2F838D31002E9162 /* Products */,
			);
			sourceTree = "<group>";
		};
		1F274ABE2F838D31002E9162 /* Products */ = {
			isa = PBXGroup;
			children = (
				1F274ABD2F838D31002E9162 /* PushNotificationDemo.app */,
				1F274ACA2F838D33002E9162 /* PushNotificationDemoTests.xctest */,
				1F274AD42F838D33002E9162 /* PushNotificationDemoUITests.xctest */,
				1F274B222F83AB1A002E9162 /* PushNotificationUIExtn.appex */,
			);
			name = Products;
			sourceTree = "<group>";
		};
		1F274AEC2F83964C002E9162 /* Frameworks */ = {
			isa = PBXGroup;
			children = (
				1F274AF62F83A206002E9162 /* UserNotifications.framework */,
				1F274AF82F83A206002E9162 /* UserNotificationsUI.framework */,
			);
			name = Frameworks;
			sourceTree = "<group>";
		};
/* End PBXGroup section */

/* Begin PBXNativeTarget section */
		1F274ABC2F838D31002E9162 /* PushNotificationDemo */ = {
			isa = PBXNativeTarget;
			buildConfigurationList = 1F274ADE2F838D33002E9162 /* Build configuration list for PBXNativeTarget "PushNotificationDemo" */;
			buildPhases = (
				1F274AB92F838D31002E9162 /* Sources */,
				1F274ABA2F838D31002E9162 /* Frameworks */,
				1F274ABB2F838D31002E9162 /* Resources */,
				1F274B082F83A206002E9162 /* Embed Foundation Extensions */,
			);
			buildRules = (
			);
			dependencies = (
				1F274B2D2F83AB1B002E9162 /* PBXTargetDependency */,
			);
			fileSystemSynchronizedGroups = (
				1F274ABF2F838D31002E9162 /* PushNotificationDemo */,
			);
			name = PushNotificationDemo;
			packageProductDependencies = (
			);
			productName = PushNotificationDemo;
			productReference = 1F274ABD2F838D31002E9162 /* PushNotificationDemo.app */;
			productType = "com.apple.product-type.application";
		};
		1F274AC92F838D33002E9162 /* PushNotificationDemoTests */ = {
			isa = PBXNativeTarget;
			buildConfigurationList = 1F274AE12F838D33002E9162 /* Build configuration list for PBXNativeTarget "PushNotificationDemoTests" */;
			buildPhases = (
				1F274AC62F838D33002E9162 /* Sources */,
				1F274AC72F838D33002E9162 /* Frameworks */,
				1F274AC82F838D33002E9162 /* Resources */,
			);
			buildRules = (
			);
			dependencies = (
				1F274ACC2F838D33002E9162 /* PBXTargetDependency */,
			);
			fileSystemSynchronizedGroups = (
				1F274ACD2F838D33002E9162 /* PushNotificationDemoTests */,
			);
			name = PushNotificationDemoTests;
			packageProductDependencies = (
			);
			productName = PushNotificationDemoTests;
			productReference = 1F274ACA2F838D33002E9162 /* PushNotificationDemoTests.xctest */;
			productType = "com.apple.product-type.bundle.unit-test";
		};
		1F274AD32F838D33002E9162 /* PushNotificationDemoUITests */ = {
			isa = PBXNativeTarget;
			buildConfigurationList = 1F274AE42F838D33002E9162 /* Build configuration list for PBXNativeTarget "PushNotificationDemoUITests" */;
			buildPhases = (
				1F274AD02F838D33002E9162 /* Sources */,
				1F274AD12F838D33002E9162 /* Frameworks */,
				1F274AD22F838D33002E9162 /* Resources */,
			);
			buildRules = (
			);
			dependencies = (
				1F274AD62F838D33002E9162 /* PBXTargetDependency */,
			);
			fileSystemSynchronizedGroups = (
				1F274AD72F838D33002E9162 /* PushNotificationDemoUITests */,
			);
			name = PushNotificationDemoUITests;
			packageProductDependencies = (
			);
			productName = PushNotificationDemoUITests;
			productReference = 1F274AD42F838D33002E9162 /* PushNotificationDemoUITests.xctest */;
			productType = "com.apple.product-type.bundle.ui-testing";
		};
		1F274B212F83AB1A002E9162 /* PushNotificationUIExtn */ = {
			isa = PBXNativeTarget;
			buildConfigurationList = 1F274B302F83AB1B002E9162 /* Build configuration list for PBXNativeTarget "PushNotificationUIExtn" */;
			buildPhases = (
				1F274B1E2F83AB1A002E9162 /* Sources */,
				1F274B1F2F83AB1A002E9162 /* Frameworks */,
				1F274B202F83AB1A002E9162 /* Resources */,
			);
			buildRules = (
			);
			dependencies = (
			);
			fileSystemSynchronizedGroups = (
				1F274B252F83AB1A002E9162 /* PushNotificationUIExtn */,
			);
			name = PushNotificationUIExtn;
			packageProductDependencies = (
			);
			productName = PushNotificationUIExtn;
			productReference = 1F274B222F83AB1A002E9162 /* PushNotificationUIExtn.appex */;
			productType = "com.apple.product-type.app-extension";
		};
/* End PBXNativeTarget section */

/* Begin PBXProject section */
		1F274AB52F838D31002E9162 /* Project object */ = {
			isa = PBXProject;
			attributes = {
				BuildIndependentTargetsInParallel = 1;
				LastSwiftUpdateCheck = 2640;
				LastUpgradeCheck = 2640;
				TargetAttributes = {
					1F274ABC2F838D31002E9162 = {
						CreatedOnToolsVersion = 26.4;
					};
					1F274AC92F838D33002E9162 = {
						CreatedOnToolsVersion = 26.4;
						TestTargetID = 1F274ABC2F838D31002E9162;
					};
					1F274AD32F838D33002E9162 = {
						CreatedOnToolsVersion = 26.4;
						TestTargetID = 1F274ABC2F838D31002E9162;
					};
					1F274B212F83AB1A002E9162 = {
						CreatedOnToolsVersion = 26.4;
					};
				};
			};
			buildConfigurationList = 1F274AB82F838D31002E9162 /* Build configuration list for PBXProject "PushNotificationDemo" */;
			developmentRegion = en;
			hasScannedForEncodings = 0;
			knownRegions = (
				en,
				Base,
			);
			mainGroup = 1F274AB42F838D31002E9162;
			minimizedProjectReferenceProxies = 1;
			packageReferences = (
			);
			preferredProjectObjectVersion = 77;
			productRefGroup = 1F274ABE2F838D31002E9162 /* Products */;
			projectDirPath = "";
			projectRoot = "";
			targets = (
				1F274ABC2F838D31002E9162 /* PushNotificationDemo */,
				1F274AC92F838D33002E9162 /* PushNotificationDemoTests */,
				1F274AD32F838D33002E9162 /* PushNotificationDemoUITests */,
				1F274B212F83AB1A002E9162 /* PushNotificationUIExtn */,
			);
		};
/* End PBXProject section */

/* Begin PBXResourcesBuildPhase section */
		1F274ABB2F838D31002E9162 /* Resources */ = {
			isa = PBXResourcesBuildPhase;
			buildActionMask = 2147483647;
			files = (
			);
			runOnlyForDeploymentPostprocessing = 0;
		};
		1F274AC82F838D33002E9162 /* Resources */ = {
			isa = PBXResourcesBuildPhase;
			buildActionMask = 2147483647;
			files = (
			);
			runOnlyForDeploymentPostprocessing = 0;
		};
		1F274AD22F838D33002E9162 /* Resources */ = {
			isa = PBXResourcesBuildPhase;
			buildActionMask = 2147483647;
			files = (
			);
			runOnlyForDeploymentPostprocessing = 0;
		};
		1F274B202F83AB1A002E9162 /* Resources */ = {
			isa = PBXResourcesBuildPhase;
			buildActionMask = 2147483647;
			files = (
			);
			runOnlyForDeploymentPostprocessing = 0;
		};
/* End PBXResourcesBuildPhase section */

/* Begin PBXSourcesBuildPhase section */
		1F274AB92F838D31002E9162 /* Sources */ = {
			isa = PBXSourcesBuildPhase;
			buildActionMask = 2147483647;
			files = (
			);
			runOnlyForDeploymentPostprocessing = 0;
		};
		1F274AC62F838D33002E9162 /* Sources */ = {
			isa = PBXSourcesBuildPhase;
			buildActionMask = 2147483647;
			files = (
			);
			runOnlyForDeploymentPostprocessing = 0;
		};
		1F274AD02F838D33002E9162 /* Sources */ = {
			isa = PBXSourcesBuildPhase;
			buildActionMask = 2147483647;
			files = (
			);
			runOnlyForDeploymentPostprocessing = 0;
		};
		1F274B1E2F83AB1A002E9162 /* Sources */ = {
			isa = PBXSourcesBuildPhase;
			buildActionMask = 2147483647;
			files = (
			);
			runOnlyForDeploymentPostprocessing = 0;
		};
/* End PBXSourcesBuildPhase section */

/* Begin PBXTargetDependency section */
		1F274ACC2F838D33002E9162 /* PBXTargetDependency */ = {
			isa = PBXTargetDependency;
			target = 1F274ABC2F838D31002E9162 /* PushNotificationDemo */;
			targetProxy = 1F274ACB2F838D33002E9162 /* PBXContainerItemProxy */;
		};
		1F274AD62F838D33002E9162 /* PBXTargetDependency */ = {
			isa = PBXTargetDependency;
			target = 1F274ABC2F838D31002E9162 /* PushNotificationDemo */;
			targetProxy = 1F274AD52F838D33002E9162 /* PBXContainerItemProxy */;
		};
		1F274B2D2F83AB1B002E9162 /* PBXTargetDependency */ = {
			isa = PBXTargetDependency;
			target = 1F274B212F83AB1A002E9162 /* PushNotificationUIExtn */;
			targetProxy = 1F274B2C2F83AB1B002E9162 /* PBXContainerItemProxy */;
		};
/* End PBXTargetDependency section */

/* Begin XCBuildConfiguration section */
		1F274ADC2F838D33002E9162 /* Debug */ = {
			isa = XCBuildConfiguration;
			buildSettings = {
				ALWAYS_SEARCH_USER_PATHS = NO;
				ASSETCATALOG_COMPILER_GENERATE_SWIFT_ASSET_SYMBOL_EXTENSIONS = YES;
				CLANG_ANALYZER_NONNULL = YES;
				CLANG_ANALYZER_NUMBER_OBJECT_CONVERSION = YES_AGGRESSIVE;
				CLANG_CXX_LANGUAGE_STANDARD = "gnu++20";
				CLANG_ENABLE_MODULES = YES;
				CLANG_ENABLE_OBJC_ARC = YES;
				CLANG_ENABLE_OBJC_WEAK = YES;
				CLANG_WARN_BLOCK_CAPTURE_AUTORELEASING = YES;
				CLANG_WARN_BOOL_CONVERSION = YES;
				CLANG_WARN_COMMA = YES;
				CLANG_WARN_CONSTANT_CONVERSION = YES;
				CLANG_WARN_DEPRECATED_OBJC_IMPLEMENTATIONS = YES;
				CLANG_WARN_DIRECT_OBJC_ISA_USAGE = YES_ERROR;
				CLANG_WARN_DOCUMENTATION_COMMENTS = YES;
				CLANG_WARN_EMPTY_BODY = YES;
				CLANG_WARN_ENUM_CONVERSION = YES;
				CLANG_WARN_INFINITE_RECURSION = YES;
				CLANG_WARN_INT_CONVERSION = YES;
				CLANG_WARN_NON_LITERAL_NULL_CONVERSION = YES;
				CLANG_WARN_OBJC_IMPLICIT_RETAIN_SELF = YES;
				CLANG_WARN_OBJC_LITERAL_CONVERSION = YES;
				CLANG_WARN_OBJC_ROOT_CLASS = YES_ERROR;
				CLANG_WARN_QUOTED_INCLUDE_IN_FRAMEWORK_HEADER = YES;
				CLANG_WARN_RANGE_LOOP_ANALYSIS = YES;
				CLANG_WARN_STRICT_PROTOTYPES = YES;
				CLANG_WARN_SUSPICIOUS_MOVE = YES;
				CLANG_WARN_UNGUARDED_AVAILABILITY = YES_AGGRESSIVE;
				CLANG_WARN_UNREACHABLE_CODE = YES;
				CLANG_WARN__DUPLICATE_METHOD_MATCH = YES;
				COPY_PHASE_STRIP = NO;
				DEBUG_INFORMATION_FORMAT = dwarf;
				ENABLE_STRICT_OBJC_MSGSEND = YES;
				ENABLE_TESTABILITY = YES;
				ENABLE_USER_SCRIPT_SANDBOXING = YES;
				GCC_C_LANGUAGE_STANDARD = gnu17;
				GCC_DYNAMIC_NO_PIC = NO;
				GCC_NO_COMMON_BLOCKS = YES;
				GCC_OPTIMIZATION_LEVEL = 0;
				GCC_PREPROCESSOR_DEFINITIONS = (
					"DEBUG=1",
					"$(inherited)",
				);
				GCC_WARN_64_TO_32_BIT_CONVERSION = YES;
				GCC_WARN_ABOUT_RETURN_TYPE = YES_ERROR;
				GCC_WARN_UNDECLARED_SELECTOR = YES;
				GCC_WARN_UNINITIALIZED_AUTOS = YES_AGGRESSIVE;
				GCC_WARN_UNUSED_FUNCTION = YES;
				GCC_WARN_UNUSED_VARIABLE = YES;
				IPHONEOS_DEPLOYMENT_TARGET = 26.4;
				LOCALIZATION_PREFERS_STRING_CATALOGS = YES;
				MTL_ENABLE_DEBUG_INFO = INCLUDE_SOURCE;
				MTL_FAST_MATH = YES;
				ONLY_ACTIVE_ARCH = YES;
				SDKROOT = iphoneos;
				SWIFT_ACTIVE_COMPILATION_CONDITIONS = "DEBUG $(inherited)";
				SWIFT_OPTIMIZATION_LEVEL = "-Onone";
			};
			name = Debug;
		};
		1F274ADD2F838D33002E9162 /* Release */ = {
			isa = XCBuildConfiguration;
			buildSettings = {
				ALWAYS_SEARCH_USER_PATHS = NO;
				ASSETCATALOG_COMPILER_GENERATE_SWIFT_ASSET_SYMBOL_EXTENSIONS = YES;
				CLANG_ANALYZER_NONNULL = YES;
				CLANG_ANALYZER_NUMBER_OBJECT_CONVERSION = YES_AGGRESSIVE;
				CLANG_CXX_LANGUAGE_STANDARD = "gnu++20";
				CLANG_ENABLE_MODULES = YES;
				CLANG_ENABLE_OBJC_ARC = YES;
				CLANG_ENABLE_OBJC_WEAK = YES;
				CLANG_WARN_BLOCK_CAPTURE_AUTORELEASING = YES;
				CLANG_WARN_BOOL_CONVERSION = YES;
				CLANG_WARN_COMMA = YES;
				CLANG_WARN_CONSTANT_CONVERSION = YES;
				CLANG_WARN_DEPRECATED_OBJC_IMPLEMENTATIONS = YES;
				CLANG_WARN_DIRECT_OBJC_ISA_USAGE = YES_ERROR;
				CLANG_WARN_DOCUMENTATION_COMMENTS = YES;
				CLANG_WARN_EMPTY_BODY = YES;
				CLANG_WARN_ENUM_CONVERSION = YES;
				CLANG_WARN_INFINITE_RECURSION = YES;
				CLANG_WARN_INT_CONVERSION = YES;
				CLANG_WARN_NON_LITERAL_NULL_CONVERSION = YES;
				CLANG_WARN_OBJC_IMPLICIT_RETAIN_SELF = YES;
				CLANG_WARN_OBJC_LITERAL_CONVERSION = YES;
				CLANG_WARN_OBJC_ROOT_CLASS = YES_ERROR;
				CLANG_WARN_QUOTED_INCLUDE_IN_FRAMEWORK_HEADER = YES;
				CLANG_WARN_RANGE_LOOP_ANALYSIS = YES;
				CLANG_WARN_STRICT_PROTOTYPES = YES;
				CLANG_WARN_SUSPICIOUS_MOVE = YES;
				CLANG_WARN_UNGUARDED_AVAILABILITY = YES_AGGRESSIVE;
				CLANG_WARN_UNREACHABLE_CODE = YES;
				CLANG_WARN__DUPLICATE_METHOD_MATCH = YES;
				COPY_PHASE_STRIP = NO;
				DEBUG_INFORMATION_FORMAT = "dwarf-with-dsym";
				ENABLE_NS_ASSERTIONS = NO;
				ENABLE_STRICT_OBJC_MSGSEND = YES;
				ENABLE_USER_SCRIPT_SANDBOXING = YES;
				GCC_C_LANGUAGE_STANDARD = gnu17;
				GCC_NO_COMMON_BLOCKS = YES;
				GCC_WARN_64_TO_32_BIT_CONVERSION = YES;
				GCC_WARN_ABOUT_RETURN_TYPE = YES_ERROR;
				GCC_WARN_UNDECLARED_SELECTOR = YES;
				GCC_WARN_UNINITIALIZED_AUTOS = YES_AGGRESSIVE;
				GCC_WARN_UNUSED_FUNCTION = YES;
				GCC_WARN_UNUSED_VARIABLE = YES;
				IPHONEOS_DEPLOYMENT_TARGET = 26.4;
				LOCALIZATION_PREFERS_STRING_CATALOGS = YES;
				MTL_ENABLE_DEBUG_INFO = NO;
				MTL_FAST_MATH = YES;
				SDKROOT = iphoneos;
				SWIFT_COMPILATION_MODE = wholemodule;
				VALIDATE_PRODUCT = YES;
			};
			name = Release;
		};
		1F274ADF2F838D33002E9162 /* Debug */ = {
			isa = XCBuildConfiguration;
			buildSettings = {
				ASSETCATALOG_COMPILER_APPICON_NAME = AppIcon;
				ASSETCATALOG_COMPILER_GLOBAL_ACCENT_COLOR_NAME = AccentColor;
				CODE_SIGN_ENTITLEMENTS = PushNotificationDemo/PushNotificationDemo.entitlements;
				CODE_SIGN_STYLE = Automatic;
				CURRENT_PROJECT_VERSION = 1;
				ENABLE_PREVIEWS = YES;
				GENERATE_INFOPLIST_FILE = YES;
				INFOPLIST_KEY_UIApplicationSceneManifest_Generation = YES;
				INFOPLIST_KEY_UIApplicationSupportsIndirectInputEvents = YES;
				INFOPLIST_KEY_UILaunchScreen_Generation = YES;
				INFOPLIST_KEY_UISupportedInterfaceOrientations_iPad = "UIInterfaceOrientationPortrait UIInterfaceOrientationPortraitUpsideDown UIInterfaceOrientationLandscapeLeft UIInterfaceOrientationLandscapeRight";
				INFOPLIST_KEY_UISupportedInterfaceOrientations_iPhone = "UIInterfaceOrientationPortrait UIInterfaceOrientationLandscapeLeft UIInterfaceOrientationLandscapeRight";
				LD_RUNPATH_SEARCH_PATHS = (
					"$(inherited)",
					"@executable_path/Frameworks",
				);
				MARKETING_VERSION = 1.0;
				PRODUCT_BUNDLE_IDENTIFIER = com.development.pushappdemo;
				PRODUCT_NAME = "$(TARGET_NAME)";
				STRING_CATALOG_GENERATE_SYMBOLS = YES;
				SWIFT_APPROACHABLE_CONCURRENCY = YES;
				SWIFT_DEFAULT_ACTOR_ISOLATION = MainActor;
				SWIFT_EMIT_LOC_STRINGS = YES;
				SWIFT_UPCOMING_FEATURE_MEMBER_IMPORT_VISIBILITY = YES;
				SWIFT_VERSION = 5.0;
				TARGETED_DEVICE_FAMILY = "1,2";
			};
			name = Debug;
		};
		1F274AE02F838D33002E9162 /* Release */ = {
			isa = XCBuildConfiguration;
			buildSettings = {
				ASSETCATALOG_COMPILER_APPICON_NAME = AppIcon;
				ASSETCATALOG_COMPILER_GLOBAL_ACCENT_COLOR_NAME = AccentColor;
				CODE_SIGN_ENTITLEMENTS = PushNotificationDemo/PushNotificationDemo.entitlements;
				CODE_SIGN_STYLE = Automatic;
				CURRENT_PROJECT_VERSION = 1;
				ENABLE_PREVIEWS = YES;
				GENERATE_INFOPLIST_FILE = YES;
				INFOPLIST_KEY_UIApplicationSceneManifest_Generation = YES;
				INFOPLIST_KEY_UIApplicationSupportsIndirectInputEvents = YES;
				INFOPLIST_KEY_UILaunchScreen_Generation = YES;
				INFOPLIST_KEY_UISupportedInterfaceOrientations_iPad = "UIInterfaceOrientationPortrait UIInterfaceOrientationPortraitUpsideDown UIInterfaceOrientationLandscapeLeft UIInterfaceOrientationLandscapeRight";
				INFOPLIST_KEY_UISupportedInterfaceOrientations_iPhone = "UIInterfaceOrientationPortrait UIInterfaceOrientationLandscapeLeft UIInterfaceOrientationLandscapeRight";
				LD_RUNPATH_SEARCH_PATHS = (
					"$(inherited)",
					"@executable_path/Frameworks",
				);
				MARKETING_VERSION = 1.0;
				PRODUCT_BUNDLE_IDENTIFIER = com.development.pushappdemo;
				PRODUCT_NAME = "$(TARGET_NAME)";
				STRING_CATALOG_GENERATE_SYMBOLS = YES;
				SWIFT_APPROACHABLE_CONCURRENCY = YES;
				SWIFT_DEFAULT_ACTOR_ISOLATION = MainActor;
				SWIFT_EMIT_LOC_STRINGS = YES;
				SWIFT_UPCOMING_FEATURE_MEMBER_IMPORT_VISIBILITY = YES;
				SWIFT_VERSION = 5.0;
				TARGETED_DEVICE_FAMILY = "1,2";
			};
			name = Release;
		};
		1F274AE22F838D33002E9162 /* Debug */ = {
			isa = XCBuildConfiguration;
			buildSettings = {
				BUNDLE_LOADER = "$(TEST_HOST)";
				CODE_SIGN_STYLE = Automatic;
				CURRENT_PROJECT_VERSION = 1;
				GENERATE_INFOPLIST_FILE = YES;
				IPHONEOS_DEPLOYMENT_TARGET = 26.4;
				MARKETING_VERSION = 1.0;
				PRODUCT_BUNDLE_IDENTIFIER = com.development.app.PushNotificationDemoTests;
				PRODUCT_NAME = "$(TARGET_NAME)";
				STRING_CATALOG_GENERATE_SYMBOLS = NO;
				SWIFT_APPROACHABLE_CONCURRENCY = YES;
				SWIFT_EMIT_LOC_STRINGS = NO;
				SWIFT_UPCOMING_FEATURE_MEMBER_IMPORT_VISIBILITY = YES;
				SWIFT_VERSION = 5.0;
				TARGETED_DEVICE_FAMILY = "1,2";
				TEST_HOST = "$(BUILT_PRODUCTS_DIR)/PushNotificationDemo.app/$(BUNDLE_EXECUTABLE_FOLDER_PATH)/PushNotificationDemo";
			};
			name = Debug;
		};
		1F274AE32F838D33002E9162 /* Release */ = {
			isa = XCBuildConfiguration;
			buildSettings = {
				BUNDLE_LOADER = "$(TEST_HOST)";
				CODE_SIGN_STYLE = Automatic;
				CURRENT_PROJECT_VERSION = 1;
				GENERATE_INFOPLIST_FILE = YES;
				IPHONEOS_DEPLOYMENT_TARGET = 26.4;
				MARKETING_VERSION = 1.0;
				PRODUCT_BUNDLE_IDENTIFIER = com.development.app.PushNotificationDemoTests;
				PRODUCT_NAME = "$(TARGET_NAME)";
				STRING_CATALOG_GENERATE_SYMBOLS = NO;
				SWIFT_APPROACHABLE_CONCURRENCY = YES;
				SWIFT_EMIT_LOC_STRINGS = NO;
				SWIFT_UPCOMING_FEATURE_MEMBER_IMPORT_VISIBILITY = YES;
				SWIFT_VERSION = 5.0;
				TARGETED_DEVICE_FAMILY = "1,2";
				TEST_HOST = "$(BUILT_PRODUCTS_DIR)/PushNotificationDemo.app/$(BUNDLE_EXECUTABLE_FOLDER_PATH)/PushNotificationDemo";
			};
			name = Release;
		};
		1F274AE52F838D33002E9162 /* Debug */ = {
			isa = XCBuildConfiguration;
			buildSettings = {
				CODE_SIGN_STYLE = Automatic;
				CURRENT_PROJECT_VERSION = 1;
				GENERATE_INFOPLIST_FILE = YES;
				MARKETING_VERSION = 1.0;
				PRODUCT_BUNDLE_IDENTIFIER = com.development.app.PushNotificationDemoUITests;
				PRODUCT_NAME = "$(TARGET_NAME)";
				STRING_CATALOG_GENERATE_SYMBOLS = NO;
				SWIFT_APPROACHABLE_CONCURRENCY = YES;
				SWIFT_EMIT_LOC_STRINGS = NO;
				SWIFT_UPCOMING_FEATURE_MEMBER_IMPORT_VISIBILITY = YES;
				SWIFT_VERSION = 5.0;
				TARGETED_DEVICE_FAMILY = "1,2";
				TEST_TARGET_NAME = PushNotificationDemo;
			};
			name = Debug;
		};
		1F274AE62F838D33002E9162 /* Release */ = {
			isa = XCBuildConfiguration;
			buildSettings = {
				CODE_SIGN_STYLE = Automatic;
				CURRENT_PROJECT_VERSION = 1;
				GENERATE_INFOPLIST_FILE = YES;
				MARKETING_VERSION = 1.0;
				PRODUCT_BUNDLE_IDENTIFIER = com.development.app.PushNotificationDemoUITests;
				PRODUCT_NAME = "$(TARGET_NAME)";
				STRING_CATALOG_GENERATE_SYMBOLS = NO;
				SWIFT_APPROACHABLE_CONCURRENCY = YES;
				SWIFT_EMIT_LOC_STRINGS = NO;
				SWIFT_UPCOMING_FEATURE_MEMBER_IMPORT_VISIBILITY = YES;
				SWIFT_VERSION = 5.0;
				TARGETED_DEVICE_FAMILY = "1,2";
				TEST_TARGET_NAME = PushNotificationDemo;
			};
			name = Release;
		};
		1F274B312F83AB1B002E9162 /* Debug */ = {
			isa = XCBuildConfiguration;
			buildSettings = {
				CODE_SIGN_STYLE = Automatic;
				CURRENT_PROJECT_VERSION = 1;
				GENERATE_INFOPLIST_FILE = YES;
				INFOPLIST_FILE = PushNotificationUIExtn/Info.plist;
				INFOPLIST_KEY_CFBundleDisplayName = PushNotificationUIExtn;
				INFOPLIST_KEY_NSHumanReadableCopyright = "";
				LD_RUNPATH_SEARCH_PATHS = (
					"$(inherited)",
					"@executable_path/Frameworks",
					"@executable_path/../../Frameworks",
				);
				MARKETING_VERSION = 1.0;
				PRODUCT_BUNDLE_IDENTIFIER = com.gs.pushappdemo.PushNotificationUIExtn;
				PRODUCT_NAME = "$(TARGET_NAME)";
				SKIP_INSTALL = YES;
				STRING_CATALOG_GENERATE_SYMBOLS = YES;
				SWIFT_APPROACHABLE_CONCURRENCY = YES;
				SWIFT_EMIT_LOC_STRINGS = YES;
				SWIFT_UPCOMING_FEATURE_MEMBER_IMPORT_VISIBILITY = YES;
				SWIFT_VERSION = 5.0;
				TARGETED_DEVICE_FAMILY = "1,2";
			};
			name = Debug;
		};
		1F274B322F83AB1B002E9162 /* Release */ = {
			isa = XCBuildConfiguration;
			buildSettings = {
				CODE_SIGN_STYLE = Automatic;
				CURRENT_PROJECT_VERSION = 1;
				GENERATE_INFOPLIST_FILE = YES;
				INFOPLIST_FILE = PushNotificationUIExtn/Info.plist;
				INFOPLIST_KEY_CFBundleDisplayName = PushNotificationUIExtn;
				INFOPLIST_KEY_NSHumanReadableCopyright = "";
				LD_RUNPATH_SEARCH_PATHS = (
					"$(inherited)",
					"@executable_path/Frameworks",
					"@executable_path/../../Frameworks",
				);
				MARKETING_VERSION = 1.0;
				PRODUCT_BUNDLE_IDENTIFIER = com.gs.pushappdemo.PushNotificationUIExtn;
				PRODUCT_NAME = "$(TARGET_NAME)";
				SKIP_INSTALL = YES;
				STRING_CATALOG_GENERATE_SYMBOLS = YES;
				SWIFT_APPROACHABLE_CONCURRENCY = YES;
				SWIFT_EMIT_LOC_STRINGS = YES;
				SWIFT_UPCOMING_FEATURE_MEMBER_IMPORT_VISIBILITY = YES;
				SWIFT_VERSION = 5.0;
				TARGETED_DEVICE_FAMILY = "1,2";
			};
			name = Release;
		};
/* End XCBuildConfiguration section */

/* Begin XCConfigurationList section */
		1F274AB82F838D31002E9162 /* Build configuration list for PBXProject "PushNotificationDemo" */ = {
			isa = XCConfigurationList;
			buildConfigurations = (
				1F274ADC2F838D33002E9162 /* Debug */,
				1F274ADD2F838D33002E9162 /* Release */,
			);
			defaultConfigurationIsVisible = 0;
			defaultConfigurationName = Release;
		};
		1F274ADE2F838D33002E9162 /* Build configuration list for PBXNativeTarget "PushNotificationDemo" */ = {
			isa = XCConfigurationList;
			buildConfigurations = (
				1F274ADF2F838D33002E9162 /* Debug */,
				1F274AE02F838D33002E9162 /* Release */,
			);
			defaultConfigurationIsVisible = 0;
			defaultConfigurationName = Release;
		};
		1F274AE12F838D33002E9162 /* Build configuration list for PBXNativeTarget "PushNotificationDemoTests" */ = {
			isa = XCConfigurationList;
			buildConfigurations = (
				1F274AE22F838D33002E9162 /* Debug */,
				1F274AE32F838D33002E9162 /* Release */,
			);
			defaultConfigurationIsVisible = 0;
			defaultConfigurationName = Release;
		};
		1F274AE42F838D33002E9162 /* Build configuration list for PBXNativeTarget "PushNotificationDemoUITests" */ = {
			isa = XCConfigurationList;
			buildConfigurations = (
				1F274AE52F838D33002E9162 /* Debug */,
				1F274AE62F838D33002E9162 /* Release */,
			);
			defaultConfigurationIsVisible = 0;
			defaultConfigurationName = Release;
		};
		1F274B302F83AB1B002E9162 /* Build configuration list for PBXNativeTarget "PushNotificationUIExtn" */ = {
			isa = XCConfigurationList;
			buildConfigurations = (
				1F274B312F83AB1B002E9162 /* Debug */,
				1F274B322F83AB1B002E9162 /* Release */,
			);
			defaultConfigurationIsVisible = 0;
			defaultConfigurationName = Release;
		};
/* End XCConfigurationList section */
	};
	rootObject = 1F274AB52F838D31002E9162 /* Project object */;
}
